Microsoft Visual Studio Solution File, Format Version 12.00
# Visual Studio Version 17
VisualStudioVersion = 17.5.2.0
MinimumVisualStudioVersion = 10.0.40219.1
Project("{FAE04EC0-301F-11D3-BF4B-00C04F79EFBC}") = "Rubik_Support", "Rubik_Support\Rubik_Support.csproj", "{1F2372FA-8545-7231-C77B-96A9645D87C0}"
EndProject
Global
	GlobalSection(SolutionConfigurationPlatforms) = preSolution
		Debug|Any CPU = Debug|Any CPU
		Release|Any CPU = Release|Any CPU
	EndGlobalSection
	GlobalSection(ProjectConfigurationPlatforms) = postSolution
		{1F2372FA-8545-7231-C77B-96A9645D87C0}.Debug|Any CPU.ActiveCfg = Debug|Any CPU
		{1F2372FA-8545-7231-C77B-96A9645D87C0}.Debug|Any CPU.Build.0 = Debug|Any CPU
		{1F2372FA-8545-7231-C77B-96A9645D87C0}.Release|Any CPU.ActiveCfg = Release|Any CPU
		{1F2372FA-8545-7231-C77B-96A9645D87C0}.Release|Any CPU.Build.0 = Release|Any CPU
	EndGlobalSection
	GlobalSection(SolutionProperties) = preSolution
		HideSolutionNode = FALSE
	EndGlobalSection
	GlobalSection(ExtensibilityGlobals) = postSolution
		SolutionGuid = {013BF419-22BA-4826-8124-4F3FEE76F3AB}
	EndGlobalSection
EndGlobal
